
Microsoft Visual Studio Solution File, Format Version 12.00
# Visual Studio Version 17
VisualStudioVersion = 17.9.34723.18
MinimumVisualStudioVersion = 10.0.40219.1
Project("{FAE04EC0-301F-11D3-BF4B-00C04F79EFBC}") = "FullStackApp", "FullStackApp\FullStackApp.csproj", "{8229AA5A-309D-4723-8E2E-8445BBE97575}"
EndProject
Global
	GlobalSection(SolutionConfigurationPlatforms) = preSolution
		Debug|Any CPU = Debug|Any CPU
		Release|Any CPU = Release|Any CPU
	EndGlobalSection
	GlobalSection(ProjectConfigurationPlatforms) = postSolution
		{8229AA5A-309D-4723-8E2E-8445BBE97575}.Debug|Any CPU.ActiveCfg = Debug|Any CPU
		{8229AA5A-309D-4723-8E2E-8445BBE97575}.Debug|Any CPU.Build.0 = Debug|Any CPU
		{8229AA5A-309D-4723-8E2E-8445BBE97575}.Release|Any CPU.ActiveCfg = Release|Any CPU
		{8229AA5A-309D-4723-8E2E-8445BBE97575}.Release|Any CPU.Build.0 = Release|Any CPU
	EndGlobalSection
	GlobalSection(SolutionProperties) = preSolution
		HideSolutionNode = FALSE
	EndGlobalSection
	GlobalSection(ExtensibilityGlobals) = postSolution
		SolutionGuid = {692BAA74-1267-45C6-8DCD-7947D9F11E52}
	EndGlobalSection
EndGlobal
